
Microsoft Visual Studio Solution File, Format Version 12.00
# Visual Studio Version 16
VisualStudioVersion = 16.0.30011.22
MinimumVisualStudioVersion = 10.0.40219.1
Project("{FAE04EC0-301F-11D3-BF4B-00C04F79EFBC}") = "ACM.BL", "ACM.BL\ACM.BL.csproj", "{82955659-8F3E-4725-AD74-156B36BC308F}"
EndProject
Project("{2150E333-8FDC-42A3-9474-1A3956D46DE8}") = "Tests", "Tests", "{D87647AA-0DE7-4E32-B665-0952D16FA566}"
EndProject
Project("{FAE04EC0-301F-11D3-BF4B-00C04F79EFBC}") = "ACM.BLTest", "Tests\ACM.BLTest\ACM.BLTest.csproj", "{94876FF7-2D3D-4DC1-8E7E-0BA82159BD31}"
EndProject
Project("{FAE04EC0-301F-11D3-BF4B-00C04F79EFBC}") = "ACM.BLRider", "Tests\ACM.BLRider\ACM.BLRider.csproj", "{14C655C0-A694-4BD8-B1F3-FCADED7B858F}"
EndProject
Project("{FAE04EC0-301F-11D3-BF4B-00C04F79EFBC}") = "Acme.Common", "Acme.Common\Acme.Common.csproj", "{873F2FA5-7D11-4C76-9338-B78BDD8A13A5}"
EndProject
Global
	GlobalSection(SolutionConfigurationPlatforms) = preSolution
		Debug|Any CPU = Debug|Any CPU
		Release|Any CPU = Release|Any CPU
	EndGlobalSection
	GlobalSection(ProjectConfigurationPlatforms) = postSolution
		{82955659-8F3E-4725-AD74-156B36BC308F}.Debug|Any CPU.ActiveCfg = Debug|Any CPU
		{82955659-8F3E-4725-AD74-156B36BC308F}.Debug|Any CPU.Build.0 = Debug|Any CPU
		{82955659-8F3E-4725-AD74-156B36BC308F}.Release|Any CPU.ActiveCfg = Release|Any CPU
		{82955659-8F3E-4725-AD74-156B36BC308F}.Release|Any CPU.Build.0 = Release|Any CPU
		{94876FF7-2D3D-4DC1-8E7E-0BA82159BD31}.Debug|Any CPU.ActiveCfg = Debug|Any CPU
		{94876FF7-2D3D-4DC1-8E7E-0BA82159BD31}.Debug|Any CPU.Build.0 = Debug|Any CPU
		{94876FF7-2D3D-4DC1-8E7E-0BA82159BD31}.Release|Any CPU.ActiveCfg = Release|Any CPU
		{94876FF7-2D3D-4DC1-8E7E-0BA82159BD31}.Release|Any CPU.Build.0 = Release|Any CPU
		{14C655C0-A694-4BD8-B1F3-FCADED7B858F}.Debug|Any CPU.ActiveCfg = Debug|Any CPU
		{14C655C0-A694-4BD8-B1F3-FCADED7B858F}.Debug|Any CPU.Build.0 = Debug|Any CPU
		{14C655C0-A694-4BD8-B1F3-FCADED7B858F}.Release|Any CPU.ActiveCfg = Release|Any CPU
		{14C655C0-A694-4BD8-B1F3-FCADED7B858F}.Release|Any CPU.Build.0 = Release|Any CPU
		{873F2FA5-7D11-4C76-9338-B78BDD8A13A5}.Debug|Any CPU.ActiveCfg = Debug|Any CPU
		{873F2FA5-7D11-4C76-9338-B78BDD8A13A5}.Debug|Any CPU.Build.0 = Debug|Any CPU
		{873F2FA5-7D11-4C76-9338-B78BDD8A13A5}.Release|Any CPU.ActiveCfg = Release|Any CPU
		{873F2FA5-7D11-4C76-9338-B78BDD8A13A5}.Release|Any CPU.Build.0 = Release|Any CPU
	EndGlobalSection
	GlobalSection(SolutionProperties) = preSolution
		HideSolutionNode = FALSE
	EndGlobalSection
	GlobalSection(NestedProjects) = preSolution
		{94876FF7-2D3D-4DC1-8E7E-0BA82159BD31} = {D87647AA-0DE7-4E32-B665-0952D16FA566}
		{14C655C0-A694-4BD8-B1F3-FCADED7B858F} = {D87647AA-0DE7-4E32-B665-0952D16FA566}
	EndGlobalSection
	GlobalSection(ExtensibilityGlobals) = postSolution
		SolutionGuid = {F911C08F-49B8-4C6D-BCB5-0D15743F696A}
	EndGlobalSection
EndGlobal
